git.sr.ht/~hjertnes/doing v0.0.0-20201017133625-6ac73589e8f5 h1:yamf7I2JjcesHylin1h031+/s6brBpF4m2EDB8RJedM=
git.sr.ht/~hjertnes/doing v0.0.0-20201017133625-6ac73589e8f5/go.mod h1:12woB8HqJJbAagbP9P5mgHhNggXACNUQ3I9gPMhMKd8=
gopkg.in/check.v1 v0.0.0-20161208181325-20d25e280405 h1:yhCVgyC4o1eVCa2tZl7eS0r+SDo693bJlVdllGtEeKM=
gopkg.in/check.v1 v0.0.0-20161208181325-20d25e280405/go.mod h1:Co6ibVJAznAaIkqp8huTwlJQCZ016jof/cbN4VW5Yz0=
gopkg.in/yaml.v2 v2.3.0 h1:clyUAQHOM3G0M3f5vQj7LuJrETvjVot3Z5el9nffUtU=
gopkg.in/yaml.v2 v2.3.0/go.mod h1:hI93XBmqTisBFMUTm0b8Fm+jr3Dg1NNxqwp+5A1VGuI=
